
Microsoft Visual Studio Solution File, Format Version 12.00
# Visual Studio Version 17
VisualStudioVersion = 17.14.36518.9 d17.14
MinimumVisualStudioVersion = 10.0.40219.1
Project("{FAE04EC0-301F-11D3-BF4B-00C04F79EFBC}") = "SonarSweep", "SonarSweep\SonarSweep.csproj", "{71B9E6CA-2114-4924-9BEA-12303DADB66F}"
EndProject
Project("{FAE04EC0-301F-11D3-BF4B-00C04F79EFBC}") = "SonarSweepTest", "SonarSweepTest\SonarSweepTest.csproj", "{D7BE1426-DBFF-48A4-9D0A-A501CF97A9F3}"
EndProject
Global
	GlobalSection(SolutionConfigurationPlatforms) = preSolution
		Debug|Any CPU = Debug|Any CPU
		Release|Any CPU = Release|Any CPU
	EndGlobalSection
	GlobalSection(ProjectConfigurationPlatforms) = postSolution
		{71B9E6CA-2114-4924-9BEA-12303DADB66F}.Debug|Any CPU.ActiveCfg = Debug|Any CPU
		{71B9E6CA-2114-4924-9BEA-12303DADB66F}.Debug|Any CPU.Build.0 = Debug|Any CPU
		{71B9E6CA-2114-4924-9BEA-12303DADB66F}.Release|Any CPU.ActiveCfg = Release|Any CPU
		{71B9E6CA-2114-4924-9BEA-12303DADB66F}.Release|Any CPU.Build.0 = Release|Any CPU
		{D7BE1426-DBFF-48A4-9D0A-A501CF97A9F3}.Debug|Any CPU.ActiveCfg = Debug|Any CPU
		{D7BE1426-DBFF-48A4-9D0A-A501CF97A9F3}.Debug|Any CPU.Build.0 = Debug|Any CPU
		{D7BE1426-DBFF-48A4-9D0A-A501CF97A9F3}.Release|Any CPU.ActiveCfg = Release|Any CPU
		{D7BE1426-DBFF-48A4-9D0A-A501CF97A9F3}.Release|Any CPU.Build.0 = Release|Any CPU
	EndGlobalSection
	GlobalSection(SolutionProperties) = preSolution
		HideSolutionNode = FALSE
	EndGlobalSection
	GlobalSection(ExtensibilityGlobals) = postSolution
		SolutionGuid = {50C92BE3-F3E6-4E38-A01F-196D5E88CCE3}
	EndGlobalSection
EndGlobal
